
Microsoft Visual Studio Solution File, Format Version 12.00
# Visual Studio Version 17
VisualStudioVersion = 17.1.32210.238
MinimumVisualStudioVersion = 10.0.40219.1
Project("{9A19103F-16F7-4668-BE54-9A1E7A4F7556}") = "AR_Docent.website", "AR_Docent.website\AR_Docent.website.csproj", "{1EAF452C-AD9C-41C5-AB58-2C03A209BCE8}"
EndProject
Global
	GlobalSection(SolutionConfigurationPlatforms) = preSolution
		Debug|Any CPU = Debug|Any CPU
		Release|Any CPU = Release|Any CPU
	EndGlobalSection
	GlobalSection(ProjectConfigurationPlatforms) = postSolution
		{1EAF452C-AD9C-41C5-AB58-2C03A209BCE8}.Debug|Any CPU.ActiveCfg = Debug|Any CPU
		{1EAF452C-AD9C-41C5-AB58-2C03A209BCE8}.Debug|Any CPU.Build.0 = Debug|Any CPU
		{1EAF452C-AD9C-41C5-AB58-2C03A209BCE8}.Release|Any CPU.ActiveCfg = Release|Any CPU
		{1EAF452C-AD9C-41C5-AB58-2C03A209BCE8}.Release|Any CPU.Build.0 = Release|Any CPU
	EndGlobalSection
	GlobalSection(SolutionProperties) = preSolution
		HideSolutionNode = FALSE
	EndGlobalSection
	GlobalSection(ExtensibilityGlobals) = postSolution
		SolutionGuid = {A621EE96-97C2-46DC-82B4-4E6B44278DB5}
	EndGlobalSection
EndGlobal
